
Microsoft Visual Studio Solution File, Format Version 12.00
# Visual Studio 15
VisualStudioVersion = 15.0.27703.2035
MinimumVisualStudioVersion = 10.0.40219.1
Project("{FAE04EC0-301F-11D3-BF4B-00C04F79EFBC}") = "PostBuildTool", "PostBuildTool\PostBuildTool.csproj", "{BAA84AB9-F39F-420B-82D1-F302C8FA1CA4}"
EndProject
Global
	GlobalSection(SolutionConfigurationPlatforms) = preSolution
		Debug|Any CPU = Debug|Any CPU
		Release|Any CPU = Release|Any CPU
	EndGlobalSection
	GlobalSection(ProjectConfigurationPlatforms) = postSolution
		{BAA84AB9-F39F-420B-82D1-F302C8FA1CA4}.Debug|Any CPU.ActiveCfg = Debug|Any CPU
		{BAA84AB9-F39F-420B-82D1-F302C8FA1CA4}.Debug|Any CPU.Build.0 = Debug|Any CPU
		{BAA84AB9-F39F-420B-82D1-F302C8FA1CA4}.Release|Any CPU.ActiveCfg = Release|Any CPU
		{BAA84AB9-F39F-420B-82D1-F302C8FA1CA4}.Release|Any CPU.Build.0 = Release|Any CPU
	EndGlobalSection
	GlobalSection(SolutionProperties) = preSolution
		HideSolutionNode = FALSE
	EndGlobalSection
	GlobalSection(ExtensibilityGlobals) = postSolution
		SolutionGuid = {49DA0B9D-B132-4FF4-88E7-8786A63DF65F}
	EndGlobalSection
EndGlobal
